
Microsoft Visual Studio Solution File, Format Version 12.00
# Visual Studio Version 17
VisualStudioVersion = 17.10.35013.160
MinimumVisualStudioVersion = 10.0.40219.1
Project("{9A19103F-16F7-4668-BE54-9A1E7A4F7556}") = "quan li ds học sinh", "quản lí ds học sinh\quan li ds học sinh.csproj", "{7E591908-E7B0-4283-8B5D-18AE1729A375}"
EndProject
Global
	GlobalSection(SolutionConfigurationPlatforms) = preSolution
		Debug|Any CPU = Debug|Any CPU
		Release|Any CPU = Release|Any CPU
	EndGlobalSection
	GlobalSection(ProjectConfigurationPlatforms) = postSolution
		{7E591908-E7B0-4283-8B5D-18AE1729A375}.Debug|Any CPU.ActiveCfg = Debug|Any CPU
		{7E591908-E7B0-4283-8B5D-18AE1729A375}.Debug|Any CPU.Build.0 = Debug|Any CPU
		{7E591908-E7B0-4283-8B5D-18AE1729A375}.Release|Any CPU.ActiveCfg = Release|Any CPU
		{7E591908-E7B0-4283-8B5D-18AE1729A375}.Release|Any CPU.Build.0 = Release|Any CPU
	EndGlobalSection
	GlobalSection(SolutionProperties) = preSolution
		HideSolutionNode = FALSE
	EndGlobalSection
	GlobalSection(ExtensibilityGlobals) = postSolution
		SolutionGuid = {4844E105-C0AD-4875-9C2B-651DD77E46C2}
	EndGlobalSection
EndGlobal
